
Microsoft Visual Studio Solution File, Format Version 12.00
Project("{FAE04EC0-301F-11D3-BF4B-00C04F79EFBC}") = "EFCoreAssi1", "EFCoreAssi1\EFCoreAssi1.csproj", "{4FEDB5F8-7987-4C43-8B01-C331D0C3B226}"
EndProject
Global
	GlobalSection(SolutionConfigurationPlatforms) = preSolution
		Debug|Any CPU = Debug|Any CPU
		Release|Any CPU = Release|Any CPU
	EndGlobalSection
	GlobalSection(ProjectConfigurationPlatforms) = postSolution
		{4FEDB5F8-7987-4C43-8B01-C331D0C3B226}.Debug|Any CPU.ActiveCfg = Debug|Any CPU
		{4FEDB5F8-7987-4C43-8B01-C331D0C3B226}.Debug|Any CPU.Build.0 = Debug|Any CPU
		{4FEDB5F8-7987-4C43-8B01-C331D0C3B226}.Release|Any CPU.ActiveCfg = Release|Any CPU
		{4FEDB5F8-7987-4C43-8B01-C331D0C3B226}.Release|Any CPU.Build.0 = Release|Any CPU
	EndGlobalSection
EndGlobal
